{
  "version": 4,
  "terraform_version": "0.15.5",
  "serial": 93,
  "lineage": "e04fe447-abc3-7fa2-4a68-37aa3a6a4821",
  "outputs": {
    "floating_ip": {
      "value": {
        "address": "52.118.146.89",
        "id": "r006-053b771e-8487-4a8f-ae95-e5baa3c333cd",
        "name": "dk-instana",
        "resource_controller_url": "https://cloud.ibm.com/vpc-ext/network/floatingIPs",
        "resource_crn": "crn:v1:bluemix:public:is:us-south-1:a/982f1d06cf2346b189ddd6e9c971d2d4::floating-ip:r006-053b771e-8487-4a8f-ae95-e5baa3c333cd",
        "resource_group": "e5be39d7229f4acd94eb88d6267851cd",
        "resource_group_name": "instana-test",
        "resource_name": "dk-instana",
        "resource_status": "available",
        "status": "available",
        "tags": [],
        "target": "0717-1c13aab8-94e9-4ce8-898e-30b7db1b45e2",
        "timeouts": null,
        "zone": "us-south-1"
      },
      "type": [
        "object",
        {
          "address": "string",
          "id": "string",
          "name": "string",
          "resource_controller_url": "string",
          "resource_crn": "string",
          "resource_group": "string",
          "resource_group_name": "string",
          "resource_name": "string",
          "resource_status": "string",
          "status": "string",
          "tags": [
            "set",
            "string"
          ],
          "target": "string",
          "timeouts": [
            "object",
            {
              "create": "string",
              "delete": "string"
            }
          ],
          "zone": "string"
        }
      ]
    }
  },
  "resources": [
    {
      "module": "module.instana_instance",
      "mode": "data",
      "type": "ibm_is_image",
      "name": "ubuntu",
      "provider": "module.instana_instance.provider[\"registry.terraform.io/ibm-cloud/ibm\"]",
      "instances": [
        {
          "schema_version": 0,
          "attributes": {
            "architecture": "amd64",
            "checksum": "e45b668d3370a94419a5a70308b1382f196d77a24402aa7780f911c8e56bfeea",
            "crn": "crn:v1:bluemix:public:is:us-south:a/811f8abfbd32425597dc7ba40da98fa6::image:r006-988caa8b-7786-49c9-aea6-9553af2b1969",
            "encryption": "none",
            "encryption_key": null,
            "id": "r006-988caa8b-7786-49c9-aea6-9553af2b1969",
            "identifier": null,
            "name": "ibm-ubuntu-20-04-minimal-amd64-2",
            "os": "ubuntu-20-04-amd64",
            "source_volume": null,
            "status": "deprecated",
            "visibility": "public"
          },
          "sensitive_attributes": []
        }
      ]
    },
    {
      "module": "module.instana_instance",
      "mode": "data",
      "type": "ibm_is_subnet",
      "name": "subnet",
      "provider": "module.instana_instance.provider[\"registry.terraform.io/ibm-cloud/ibm\"]",
      "instances": [
        {
          "schema_version": 0,
          "attributes": {
            "access_tags": [],
            "available_ipv4_address_count": 251,
            "crn": "crn:v1:bluemix:public:is:us-south-1:a/982f1d06cf2346b189ddd6e9c971d2d4::subnet:0717-10b81a38-4325-4912-be1d-7a297676595b",
            "id": "0717-10b81a38-4325-4912-be1d-7a297676595b",
            "identifier": null,
            "ipv4_cidr_block": "10.240.0.0/24",
            "name": "sn-20210921-01",
            "network_acl": "r006-1f7cef39-1e0d-4869-93c1-d19b49fc4e44",
            "public_gateway": "r006-08d5d03a-f706-4fff-bc6e-77583c879cc2",
            "resource_controller_url": "https://cloud.ibm.com/vpc-ext/network/subnets",
            "resource_crn": "crn:v1:bluemix:public:is:us-south-1:a/982f1d06cf2346b189ddd6e9c971d2d4::subnet:0717-10b81a38-4325-4912-be1d-7a297676595b",
            "resource_group": "e5be39d7229f4acd94eb88d6267851cd",
            "resource_group_name": "instana-test",
            "resource_name": "sn-20210921-01",
            "resource_status": "available",
            "status": "available",
            "tags": [],
            "total_ipv4_address_count": 256,
            "vpc": "r006-53d79362-11b5-4beb-aa2f-9f527f45f865",
            "vpc_name": "instana-vpc",
            "zone": "us-south-1"
          },
          "sensitive_attributes": []
        }
      ]
    },
    {
      "module": "module.instana_instance",
      "mode": "data",
      "type": "ibm_is_vpc",
      "name": "vpc",
      "provider": "module.instana_instance.provider[\"registry.terraform.io/ibm-cloud/ibm\"]",
      "instances": [
        {
          "schema_version": 0,
          "attributes": {
            "classic_access": false,
            "crn": "crn:v1:bluemix:public:is:us-south:a/982f1d06cf2346b189ddd6e9c971d2d4::vpc:r006-53d79362-11b5-4beb-aa2f-9f527f45f865",
            "cse_source_addresses": [
              {
                "address": "10.16.239.98",
                "zone_name": "us-south-1"
              },
              {
                "address": "10.16.247.65",
                "zone_name": "us-south-2"
              },
              {
                "address": "10.16.249.66",
                "zone_name": "us-south-3"
              }
            ],
            "default_network_acl": "r006-1f7cef39-1e0d-4869-93c1-d19b49fc4e44",
            "default_network_acl_crn": "crn:v1:bluemix:public:is:us-south:a/982f1d06cf2346b189ddd6e9c971d2d4::network-acl:r006-1f7cef39-1e0d-4869-93c1-d19b49fc4e44",
            "default_network_acl_name": "eggbeater-sector-slinky-compactor",
            "default_routing_table": "r006-ce056355-14a6-4000-a666-4e6d2bd54f5f",
            "default_routing_table_name": "doozy-tiara-unrolled-derby",
            "default_security_group": "r006-a411fc36-c2a0-40c5-bf3a-883a9d7b5d34",
            "default_security_group_crn": "crn:v1:bluemix:public:is:us-south:a/982f1d06cf2346b189ddd6e9c971d2d4::security-group:r006-a411fc36-c2a0-40c5-bf3a-883a9d7b5d34",
            "default_security_group_name": "portside-backtrack-huffy-hardness",
            "id": "r006-53d79362-11b5-4beb-aa2f-9f527f45f865",
            "name": "instana-vpc",
            "resource_controller_url": "https://cloud.ibm.com/vpc-ext/network/vpcs",
            "resource_crn": "crn:v1:bluemix:public:is:us-south:a/982f1d06cf2346b189ddd6e9c971d2d4::vpc:r006-53d79362-11b5-4beb-aa2f-9f527f45f865",
            "resource_group": "e5be39d7229f4acd94eb88d6267851cd",
            "resource_group_name": "instana-test",
            "resource_name": "instana-vpc",
            "resource_status": "available",
            "security_group": [
              {
                "group_id": "r006-a411fc36-c2a0-40c5-bf3a-883a9d7b5d34",
                "group_name": "portside-backtrack-huffy-hardness",
                "rules": [
                  {
                    "code": 0,
                    "direction": "outbound",
                    "ip_version": "ipv4",
                    "port_max": 0,
                    "port_min": 0,
                    "protocol": "all",
                    "remote": "0.0.0.0/0",
                    "rule_id": "r006-d71a36e9-6a34-4d78-9244-6e8ec651b837",
                    "type": 0
                  },
                  {
                    "code": 0,
                    "direction": "inbound",
                    "ip_version": "ipv4",
                    "port_max": 0,
                    "port_min": 0,
                    "protocol": "all",
                    "remote": "r006-a411fc36-c2a0-40c5-bf3a-883a9d7b5d34",
                    "rule_id": "r006-ff48beb6-ac5d-4485-b220-8a67d6efebe5",
                    "type": 0
                  },
                  {
                    "code": 0,
                    "direction": "inbound",
                    "ip_version": "ipv4",
                    "port_max": 0,
                    "port_min": 0,
                    "protocol": "icmp",
                    "remote": "0.0.0.0/0",
                    "rule_id": "r006-bf1b6cb4-baf2-4a71-8622-6b6e0d4dae10",
                    "type": 8
                  },
                  {
                    "code": 0,
                    "direction": "inbound",
                    "ip_version": "ipv4",
                    "port_max": 22,
                    "port_min": 22,
                    "protocol": "tcp",
                    "remote": "0.0.0.0/0",
                    "rule_id": "r006-e5454651-a93d-4429-a031-395dbfc33493",
                    "type": 0
                  }
                ]
              }
            ],
            "status": "available",
            "subnets": [
              {
                "available_ipv4_address_count": 251,
                "id": "0717-10b81a38-4325-4912-be1d-7a297676595b",
                "name": "sn-20210921-01",
                "status": "available",
                "total_ipv4_address_count": 256,
                "zone": "us-south-1"
              },
              {
                "available_ipv4_address_count": 251,
                "id": "0727-752ad960-db78-4dbd-8612-2eb236b84fef",
                "name": "sn-20210921-02",
                "status": "available",
                "total_ipv4_address_count": 256,
                "zone": "us-south-2"
              },
              {
                "available_ipv4_address_count": 251,
                "id": "0737-2f858c0e-36c3-48fb-babb-8a964f99d080",
                "name": "sn-20210921-03",
                "status": "available",
                "total_ipv4_address_count": 256,
                "zone": "us-south-3"
              }
            ],
            "tags": [
              "env:test"
            ]
          },
          "sensitive_attributes": []
        }
      ]
    },
    {
      "module": "module.instana_instance",
      "mode": "data",
      "type": "ibm_resource_group",
      "name": "group",
      "provider": "module.instana_instance.provider[\"registry.terraform.io/ibm-cloud/ibm\"]",
      "instances": [
        {
          "schema_version": 0,
          "attributes": {
            "account_id": "982f1d06cf2346b189ddd6e9c971d2d4",
            "created_at": "2021-09-21T08:35:27.655Z",
            "crn": "crn:v1:bluemix:public:resource-controller::a/982f1d06cf2346b189ddd6e9c971d2d4::resource-group:e5be39d7229f4acd94eb88d6267851cd",
            "id": "e5be39d7229f4acd94eb88d6267851cd",
            "is_default": false,
            "name": "instana-test",
            "payment_methods_url": "/v2/resource_groups/e5be39d7229f4acd94eb88d6267851cd/payment_methods",
            "quota_id": "a3d7b8d01e261c24677937c29ab33f3c",
            "quota_url": "/v2/quota_definitions/a3d7b8d01e261c24677937c29ab33f3c",
            "resource_linkages": [],
            "state": "ACTIVE",
            "teams_url": "/v2/resource_groups/e5be39d7229f4acd94eb88d6267851cd/teams",
            "updated_at": "2021-09-21T08:35:27.655Z"
          },
          "sensitive_attributes": []
        }
      ]
    },
    {
      "module": "module.instana_instance",
      "mode": "managed",
      "type": "ibm_is_floating_ip",
      "name": "fip",
      "provider": "module.instana_instance.provider[\"registry.terraform.io/ibm-cloud/ibm\"]",
      "instances": [
        {
          "schema_version": 0,
          "attributes": {
            "address": "52.118.146.89",
            "id": "r006-053b771e-8487-4a8f-ae95-e5baa3c333cd",
            "name": "dk-instana",
            "resource_controller_url": "https://cloud.ibm.com/vpc-ext/network/floatingIPs",
            "resource_crn": "crn:v1:bluemix:public:is:us-south-1:a/982f1d06cf2346b189ddd6e9c971d2d4::floating-ip:r006-053b771e-8487-4a8f-ae95-e5baa3c333cd",
            "resource_group": "e5be39d7229f4acd94eb88d6267851cd",
            "resource_group_name": "instana-test",
            "resource_name": "dk-instana",
            "resource_status": "available",
            "status": "available",
            "tags": [],
            "target": "0717-1c13aab8-94e9-4ce8-898e-30b7db1b45e2",
            "timeouts": null,
            "zone": "us-south-1"
          },
          "sensitive_attributes": [],
          "private": "eyJlMmJmYjczMC1lY2FhLTExZTYtOGY4OC0zNDM2M2JjN2M0YzAiOnsiY3JlYXRlIjo2MDAwMDAwMDAwMDAsImRlbGV0ZSI6NjAwMDAwMDAwMDAwfX0=",
          "dependencies": [
            "module.instana_instance.data.ibm_is_image.ubuntu",
            "module.instana_instance.data.ibm_is_subnet.subnet",
            "module.instana_instance.data.ibm_is_vpc.vpc",
            "module.instana_instance.data.ibm_resource_group.group",
            "module.instana_instance.ibm_is_instance.is_instance",
            "module.instana_instance.ibm_is_security_group.security_group",
            "module.instana_instance.ibm_is_ssh_key.ssh-key"
          ]
        }
      ]
    },
    {
      "module": "module.instana_instance",
      "mode": "managed",
      "type": "ibm_is_instance",
      "name": "is_instance",
      "provider": "module.instana_instance.provider[\"registry.terraform.io/ibm-cloud/ibm\"]",
      "instances": [
        {
          "schema_version": 0,
          "attributes": {
            "auto_delete_volume": null,
            "boot_volume": [
              {
                "encryption": "",
                "iops": 3000,
                "name": "remedial-passivism-plethora-ivied",
                "profile": "general-purpose",
                "size": 100,
                "snapshot": ""
              }
            ],
            "dedicated_host": null,
            "dedicated_host_group": null,
            "disks": [],
            "force_recovery_time": null,
            "gpu": [],
            "id": "0717_e12f071a-5c33-4783-993e-3e151632511a",
            "image": "r006-988caa8b-7786-49c9-aea6-9553af2b1969",
            "instance_template": null,
            "keys": [
              "r006-84f63875-8e81-4b9f-8b04-467a24d949ea"
            ],
            "memory": 64,
            "name": "dk-instana",
            "network_interfaces": [],
            "placement_group": null,
            "placement_target": [],
            "primary_network_interface": [
              {
                "allow_ip_spoofing": true,
                "id": "0717-1c13aab8-94e9-4ce8-898e-30b7db1b45e2",
                "name": "taps-jurist-grievous-unfeeling",
                "port_speed": 0,
                "primary_ipv4_address": "10.240.0.20",
                "security_groups": [
                  "r006-c34ec00b-4ca9-4a95-84d2-6772ad00a8c1"
                ],
                "subnet": "0717-10b81a38-4325-4912-be1d-7a297676595b"
              }
            ],
            "profile": "bx2-16x64",
            "resource_controller_url": "https://cloud.ibm.com/vpc-ext/compute/vs",
            "resource_crn": "crn:v1:bluemix:public:is:us-south-1:a/982f1d06cf2346b189ddd6e9c971d2d4::instance:0717_e12f071a-5c33-4783-993e-3e151632511a",
            "resource_group": "e5be39d7229f4acd94eb88d6267851cd",
            "resource_group_name": "instana-test",
            "resource_name": "dk-instana",
            "resource_status": "running",
            "status": "running",
            "status_reasons": [],
            "tags": [],
            "timeouts": {
              "create": "60m",
              "delete": "60m",
              "update": "60m"
            },
            "user_data": null,
            "vcpu": [
              {
                "architecture": "amd64",
                "count": 16
              }
            ],
            "volume_attachments": [
              {
                "id": "0717-04bd1077-475c-41f6-977e-c27925f2b04e",
                "name": "clip-errand-ability-enviably",
                "volume_crn": "crn:v1:bluemix:public:is:us-south-1:a/982f1d06cf2346b189ddd6e9c971d2d4::volume:r006-29f2d885-a697-428b-a924-7db4a64434fa",
                "volume_id": "r006-29f2d885-a697-428b-a924-7db4a64434fa",
                "volume_name": "remedial-passivism-plethora-ivied"
              }
            ],
            "volumes": null,
            "vpc": "r006-53d79362-11b5-4beb-aa2f-9f527f45f865",
            "wait_before_delete": true,
            "zone": "us-south-1"
          },
          "sensitive_attributes": [],
          "private": "eyJlMmJmYjczMC1lY2FhLTExZTYtOGY4OC0zNDM2M2JjN2M0YzAiOnsiY3JlYXRlIjozNjAwMDAwMDAwMDAwLCJkZWxldGUiOjM2MDAwMDAwMDAwMDAsInVwZGF0ZSI6MzYwMDAwMDAwMDAwMH19",
          "dependencies": [
            "module.instana_instance.data.ibm_is_image.ubuntu",
            "module.instana_instance.data.ibm_is_subnet.subnet",
            "module.instana_instance.data.ibm_is_vpc.vpc",
            "module.instana_instance.data.ibm_resource_group.group",
            "module.instana_instance.ibm_is_security_group.security_group",
            "module.instana_instance.ibm_is_ssh_key.ssh-key"
          ]
        }
      ]
    },
    {
      "module": "module.instana_instance",
      "mode": "managed",
      "type": "ibm_is_security_group",
      "name": "security_group",
      "provider": "module.instana_instance.provider[\"registry.terraform.io/ibm-cloud/ibm\"]",
      "instances": [
        {
          "schema_version": 0,
          "attributes": {
            "crn": "crn:v1:bluemix:public:is:us-south:a/982f1d06cf2346b189ddd6e9c971d2d4::security-group:r006-c34ec00b-4ca9-4a95-84d2-6772ad00a8c1",
            "id": "r006-c34ec00b-4ca9-4a95-84d2-6772ad00a8c1",
            "name": "dk-instana-sg",
            "resource_controller_url": "https://cloud.ibm.com/vpc-ext/network/securityGroups",
            "resource_crn": "crn:v1:bluemix:public:is:us-south:a/982f1d06cf2346b189ddd6e9c971d2d4::security-group:r006-c34ec00b-4ca9-4a95-84d2-6772ad00a8c1",
            "resource_group": "e5be39d7229f4acd94eb88d6267851cd",
            "resource_group_name": "instana-test",
            "resource_name": "dk-instana-sg",
            "rules": [],
            "tags": [],
            "vpc": "r006-53d79362-11b5-4beb-aa2f-9f527f45f865"
          },
          "sensitive_attributes": [],
          "private": "bnVsbA==",
          "dependencies": [
            "module.instana_instance.data.ibm_is_vpc.vpc",
            "module.instana_instance.data.ibm_resource_group.group"
          ]
        }
      ]
    },
    {
      "module": "module.instana_instance",
      "mode": "managed",
      "type": "ibm_is_security_group_rule",
      "name": "sg-rule-acceptor",
      "provider": "module.instana_instance.provider[\"registry.terraform.io/ibm-cloud/ibm\"]",
      "instances": [
        {
          "schema_version": 0,
          "attributes": {
            "direction": "inbound",
            "group": "r006-c34ec00b-4ca9-4a95-84d2-6772ad00a8c1",
            "icmp": [],
            "id": "r006-c34ec00b-4ca9-4a95-84d2-6772ad00a8c1.r006-e37a6f54-d4c6-41c5-a9b2-d18a614b6917",
            "ip_version": "ipv4",
            "protocol": "tcp",
            "related_crn": "crn:v1:bluemix:public:is:us-south:a/982f1d06cf2346b189ddd6e9c971d2d4::security-group:r006-c34ec00b-4ca9-4a95-84d2-6772ad00a8c1",
            "remote": "0.0.0.0/0",
            "rule_id": "r006-e37a6f54-d4c6-41c5-a9b2-d18a614b6917",
            "tcp": [
              {
                "port_max": 1444,
                "port_min": 1444
              }
            ],
            "udp": []
          },
          "sensitive_attributes": [],
          "private": "bnVsbA==",
          "dependencies": [
            "module.instana_instance.data.ibm_is_vpc.vpc",
            "module.instana_instance.data.ibm_resource_group.group",
            "module.instana_instance.ibm_is_security_group.security_group"
          ]
        }
      ]
    },
    {
      "module": "module.instana_instance",
      "mode": "managed",
      "type": "ibm_is_security_group_rule",
      "name": "sg-rule-eum-port-1",
      "provider": "module.instana_instance.provider[\"registry.terraform.io/ibm-cloud/ibm\"]",
      "instances": [
        {
          "schema_version": 0,
          "attributes": {
            "direction": "inbound",
            "group": "r006-c34ec00b-4ca9-4a95-84d2-6772ad00a8c1",
            "icmp": [],
            "id": "r006-c34ec00b-4ca9-4a95-84d2-6772ad00a8c1.r006-30a31df0-0696-41b4-baf1-1f1a0091eb9e",
            "ip_version": "ipv4",
            "protocol": "tcp",
            "related_crn": "crn:v1:bluemix:public:is:us-south:a/982f1d06cf2346b189ddd6e9c971d2d4::security-group:r006-c34ec00b-4ca9-4a95-84d2-6772ad00a8c1",
            "remote": "0.0.0.0/0",
            "rule_id": "r006-30a31df0-0696-41b4-baf1-1f1a0091eb9e",
            "tcp": [
              {
                "port_max": 86,
                "port_min": 86
              }
            ],
            "udp": []
          },
          "sensitive_attributes": [],
          "private": "bnVsbA==",
          "dependencies": [
            "module.instana_instance.data.ibm_is_vpc.vpc",
            "module.instana_instance.data.ibm_resource_group.group",
            "module.instana_instance.ibm_is_security_group.security_group"
          ]
        }
      ]
    },
    {
      "module": "module.instana_instance",
      "mode": "managed",
      "type": "ibm_is_security_group_rule",
      "name": "sg-rule-eum-port-2",
      "provider": "module.instana_instance.provider[\"registry.terraform.io/ibm-cloud/ibm\"]",
      "instances": [
        {
          "schema_version": 0,
          "attributes": {
            "direction": "inbound",
            "group": "r006-c34ec00b-4ca9-4a95-84d2-6772ad00a8c1",
            "icmp": [],
            "id": "r006-c34ec00b-4ca9-4a95-84d2-6772ad00a8c1.r006-210573ad-df13-4a46-aadd-d271d1e53095",
            "ip_version": "ipv4",
            "protocol": "tcp",
            "related_crn": "crn:v1:bluemix:public:is:us-south:a/982f1d06cf2346b189ddd6e9c971d2d4::security-group:r006-c34ec00b-4ca9-4a95-84d2-6772ad00a8c1",
            "remote": "0.0.0.0/0",
            "rule_id": "r006-210573ad-df13-4a46-aadd-d271d1e53095",
            "tcp": [
              {
                "port_max": 446,
                "port_min": 446
              }
            ],
            "udp": []
          },
          "sensitive_attributes": [],
          "private": "bnVsbA==",
          "dependencies": [
            "module.instana_instance.data.ibm_is_vpc.vpc",
            "module.instana_instance.data.ibm_resource_group.group",
            "module.instana_instance.ibm_is_security_group.security_group"
          ]
        }
      ]
    },
    {
      "module": "module.instana_instance",
      "mode": "managed",
      "type": "ibm_is_security_group_rule",
      "name": "sg-rule-http-port",
      "provider": "module.instana_instance.provider[\"registry.terraform.io/ibm-cloud/ibm\"]",
      "instances": [
        {
          "schema_version": 0,
          "attributes": {
            "direction": "inbound",
            "group": "r006-c34ec00b-4ca9-4a95-84d2-6772ad00a8c1",
            "icmp": [],
            "id": "r006-c34ec00b-4ca9-4a95-84d2-6772ad00a8c1.r006-e1a4c3cc-f512-497c-a637-e9f2ffcb7f9e",
            "ip_version": "ipv4",
            "protocol": "tcp",
            "related_crn": "crn:v1:bluemix:public:is:us-south:a/982f1d06cf2346b189ddd6e9c971d2d4::security-group:r006-c34ec00b-4ca9-4a95-84d2-6772ad00a8c1",
            "remote": "0.0.0.0/0",
            "rule_id": "r006-e1a4c3cc-f512-497c-a637-e9f2ffcb7f9e",
            "tcp": [
              {
                "port_max": 80,
                "port_min": 80
              }
            ],
            "udp": []
          },
          "sensitive_attributes": [],
          "private": "bnVsbA==",
          "dependencies": [
            "module.instana_instance.data.ibm_is_vpc.vpc",
            "module.instana_instance.data.ibm_resource_group.group",
            "module.instana_instance.ibm_is_security_group.security_group"
          ]
        }
      ]
    },
    {
      "module": "module.instana_instance",
      "mode": "managed",
      "type": "ibm_is_security_group_rule",
      "name": "sg-rule-https-port",
      "provider": "module.instana_instance.provider[\"registry.terraform.io/ibm-cloud/ibm\"]",
      "instances": [
        {
          "schema_version": 0,
          "attributes": {
            "direction": "inbound",
            "group": "r006-c34ec00b-4ca9-4a95-84d2-6772ad00a8c1",
            "icmp": [],
            "id": "r006-c34ec00b-4ca9-4a95-84d2-6772ad00a8c1.r006-5dfb98bc-b181-4c2d-8d76-710d3e6743f0",
            "ip_version": "ipv4",
            "protocol": "tcp",
            "related_crn": "crn:v1:bluemix:public:is:us-south:a/982f1d06cf2346b189ddd6e9c971d2d4::security-group:r006-c34ec00b-4ca9-4a95-84d2-6772ad00a8c1",
            "remote": "0.0.0.0/0",
            "rule_id": "r006-5dfb98bc-b181-4c2d-8d76-710d3e6743f0",
            "tcp": [
              {
                "port_max": 443,
                "port_min": 443
              }
            ],
            "udp": []
          },
          "sensitive_attributes": [],
          "private": "bnVsbA==",
          "dependencies": [
            "module.instana_instance.data.ibm_is_vpc.vpc",
            "module.instana_instance.data.ibm_resource_group.group",
            "module.instana_instance.ibm_is_security_group.security_group"
          ]
        }
      ]
    },
    {
      "module": "module.instana_instance",
      "mode": "managed",
      "type": "ibm_is_security_group_rule",
      "name": "sg-rule-inbound-from-the-group",
      "provider": "module.instana_instance.provider[\"registry.terraform.io/ibm-cloud/ibm\"]",
      "instances": [
        {
          "schema_version": 0,
          "attributes": {
            "direction": "inbound",
            "group": "r006-c34ec00b-4ca9-4a95-84d2-6772ad00a8c1",
            "icmp": [],
            "id": "r006-c34ec00b-4ca9-4a95-84d2-6772ad00a8c1.r006-d4d572b6-0ae3-4bce-9125-04dbd53da0d7",
            "ip_version": "ipv4",
            "protocol": "all",
            "related_crn": "crn:v1:bluemix:public:is:us-south:a/982f1d06cf2346b189ddd6e9c971d2d4::security-group:r006-c34ec00b-4ca9-4a95-84d2-6772ad00a8c1",
            "remote": "r006-c34ec00b-4ca9-4a95-84d2-6772ad00a8c1",
            "rule_id": "r006-d4d572b6-0ae3-4bce-9125-04dbd53da0d7",
            "tcp": [],
            "udp": []
          },
          "sensitive_attributes": [],
          "private": "bnVsbA==",
          "dependencies": [
            "module.instana_instance.data.ibm_is_vpc.vpc",
            "module.instana_instance.data.ibm_resource_group.group",
            "module.instana_instance.ibm_is_security_group.security_group"
          ]
        }
      ]
    },
    {
      "module": "module.instana_instance",
      "mode": "managed",
      "type": "ibm_is_security_group_rule",
      "name": "sg-rule-inbound-icmp",
      "provider": "module.instana_instance.provider[\"registry.terraform.io/ibm-cloud/ibm\"]",
      "instances": [
        {
          "schema_version": 0,
          "attributes": {
            "direction": "inbound",
            "group": "r006-c34ec00b-4ca9-4a95-84d2-6772ad00a8c1",
            "icmp": [
              {
                "code": 0,
                "type": 8
              }
            ],
            "id": "r006-c34ec00b-4ca9-4a95-84d2-6772ad00a8c1.r006-bf583c38-a916-40e0-8280-17e0159ad6fc",
            "ip_version": "ipv4",
            "protocol": "icmp",
            "related_crn": "crn:v1:bluemix:public:is:us-south:a/982f1d06cf2346b189ddd6e9c971d2d4::security-group:r006-c34ec00b-4ca9-4a95-84d2-6772ad00a8c1",
            "remote": "0.0.0.0/0",
            "rule_id": "r006-bf583c38-a916-40e0-8280-17e0159ad6fc",
            "tcp": [],
            "udp": []
          },
          "sensitive_attributes": [],
          "private": "bnVsbA==",
          "dependencies": [
            "module.instana_instance.data.ibm_is_vpc.vpc",
            "module.instana_instance.data.ibm_resource_group.group",
            "module.instana_instance.ibm_is_security_group.security_group"
          ]
        }
      ]
    },
    {
      "module": "module.instana_instance",
      "mode": "managed",
      "type": "ibm_is_security_group_rule",
      "name": "sg-rule-inbound-ssh",
      "provider": "module.instana_instance.provider[\"registry.terraform.io/ibm-cloud/ibm\"]",
      "instances": [
        {
          "schema_version": 0,
          "attributes": {
            "direction": "inbound",
            "group": "r006-c34ec00b-4ca9-4a95-84d2-6772ad00a8c1",
            "icmp": [],
            "id": "r006-c34ec00b-4ca9-4a95-84d2-6772ad00a8c1.r006-2342dd9a-deea-49b8-a41b-aafa5cac6d3c",
            "ip_version": "ipv4",
            "protocol": "tcp",
            "related_crn": "crn:v1:bluemix:public:is:us-south:a/982f1d06cf2346b189ddd6e9c971d2d4::security-group:r006-c34ec00b-4ca9-4a95-84d2-6772ad00a8c1",
            "remote": "0.0.0.0/0",
            "rule_id": "r006-2342dd9a-deea-49b8-a41b-aafa5cac6d3c",
            "tcp": [
              {
                "port_max": 22,
                "port_min": 22
              }
            ],
            "udp": []
          },
          "sensitive_attributes": [],
          "private": "bnVsbA==",
          "dependencies": [
            "module.instana_instance.data.ibm_is_vpc.vpc",
            "module.instana_instance.data.ibm_resource_group.group",
            "module.instana_instance.ibm_is_security_group.security_group"
          ]
        }
      ]
    },
    {
      "module": "module.instana_instance",
      "mode": "managed",
      "type": "ibm_is_security_group_rule",
      "name": "sg-rule-outbound",
      "provider": "module.instana_instance.provider[\"registry.terraform.io/ibm-cloud/ibm\"]",
      "instances": [
        {
          "schema_version": 0,
          "attributes": {
            "direction": "outbound",
            "group": "r006-c34ec00b-4ca9-4a95-84d2-6772ad00a8c1",
            "icmp": [],
            "id": "r006-c34ec00b-4ca9-4a95-84d2-6772ad00a8c1.r006-4cc5e490-33c3-4a79-8659-8f83c56aa932",
            "ip_version": "ipv4",
            "protocol": "tcp",
            "related_crn": "crn:v1:bluemix:public:is:us-south:a/982f1d06cf2346b189ddd6e9c971d2d4::security-group:r006-c34ec00b-4ca9-4a95-84d2-6772ad00a8c1",
            "remote": "0.0.0.0/0",
            "rule_id": "r006-4cc5e490-33c3-4a79-8659-8f83c56aa932",
            "tcp": [
              {
                "port_max": 65535,
                "port_min": 1
              }
            ],
            "udp": []
          },
          "sensitive_attributes": [],
          "private": "bnVsbA==",
          "dependencies": [
            "module.instana_instance.data.ibm_is_vpc.vpc",
            "module.instana_instance.data.ibm_resource_group.group",
            "module.instana_instance.ibm_is_security_group.security_group"
          ]
        }
      ]
    },
    {
      "module": "module.instana_instance",
      "mode": "managed",
      "type": "ibm_is_security_group_rule",
      "name": "sg-rule-outbound-all",
      "provider": "module.instana_instance.provider[\"registry.terraform.io/ibm-cloud/ibm\"]",
      "instances": [
        {
          "schema_version": 0,
          "attributes": {
            "direction": "outbound",
            "group": "r006-c34ec00b-4ca9-4a95-84d2-6772ad00a8c1",
            "icmp": [],
            "id": "r006-c34ec00b-4ca9-4a95-84d2-6772ad00a8c1.r006-80653e7a-1666-4fbb-8738-49c74f12001b",
            "ip_version": "ipv4",
            "protocol": "all",
            "related_crn": "crn:v1:bluemix:public:is:us-south:a/982f1d06cf2346b189ddd6e9c971d2d4::security-group:r006-c34ec00b-4ca9-4a95-84d2-6772ad00a8c1",
            "remote": "0.0.0.0/0",
            "rule_id": "r006-80653e7a-1666-4fbb-8738-49c74f12001b",
            "tcp": [],
            "udp": []
          },
          "sensitive_attributes": [],
          "private": "bnVsbA==",
          "dependencies": [
            "module.instana_instance.data.ibm_is_vpc.vpc",
            "module.instana_instance.data.ibm_resource_group.group",
            "module.instana_instance.ibm_is_security_group.security_group"
          ]
        }
      ]
    },
    {
      "module": "module.instana_instance",
      "mode": "managed",
      "type": "ibm_is_security_group_rule",
      "name": "sg-rule-outbound-to-the-group",
      "provider": "module.instana_instance.provider[\"registry.terraform.io/ibm-cloud/ibm\"]",
      "instances": [
        {
          "schema_version": 0,
          "attributes": {
            "direction": "outbound",
            "group": "r006-c34ec00b-4ca9-4a95-84d2-6772ad00a8c1",
            "icmp": [],
            "id": "r006-c34ec00b-4ca9-4a95-84d2-6772ad00a8c1.r006-ca73b0b6-0975-4a66-8f0e-b6f86906172e",
            "ip_version": "ipv4",
            "protocol": "all",
            "related_crn": "crn:v1:bluemix:public:is:us-south:a/982f1d06cf2346b189ddd6e9c971d2d4::security-group:r006-c34ec00b-4ca9-4a95-84d2-6772ad00a8c1",
            "remote": "r006-c34ec00b-4ca9-4a95-84d2-6772ad00a8c1",
            "rule_id": "r006-ca73b0b6-0975-4a66-8f0e-b6f86906172e",
            "tcp": [],
            "udp": []
          },
          "sensitive_attributes": [],
          "private": "bnVsbA==",
          "dependencies": [
            "module.instana_instance.data.ibm_is_vpc.vpc",
            "module.instana_instance.data.ibm_resource_group.group",
            "module.instana_instance.ibm_is_security_group.security_group"
          ]
        }
      ]
    },
    {
      "module": "module.instana_instance",
      "mode": "managed",
      "type": "ibm_is_ssh_key",
      "name": "ssh-key",
      "provider": "module.instana_instance.provider[\"registry.terraform.io/ibm-cloud/ibm\"]",
      "instances": [
        {
          "schema_version": 0,
          "attributes": {
            "fingerprint": "SHA256:QBVcU3FNBf2f5C57pZPl/3/ZdDQ8tfCZtzk8R3NTNY4",
            "id": "r006-84f63875-8e81-4b9f-8b04-467a24d949ea",
            "length": 4096,
            "name": "dk-instana-key",
            "public_key": "ssh-rsa AAAAB3NzaC1yc2EAAAADAQABAAABgQDF6yIEmg91et5z/kJlfgPffCUIF0AWUkTkHX6UFEAubaMgSvVb/9FipbgYOOQfNk407gT9FEhsi3OOJP0C9R+dDUlcDhUXNK7U4VLe8Bo1U9uxw6LkztiXU/ejTU1je7i0BixPtDfrsVO1jTuNoYO/QvgfYp86nWyy4lGm+ewIM3rXNhfqLHii3MCwTWorqE2I2hdsiiIYnjoUFUhqD2f8+0OTIwI118se1XErtiEeC89fh8sHbEoR1RbUfiWlzUSp4lOOp3gWw8xWI9n5W/qzQGALDCCIzo4IYxVdL8auYYko9t93ZRtJK744M9P/Xqr5yeapwtjgw5BG/rgJOf3op+tqMEjsOitXS4C3nN1Yy1zxmXNYoViBmqj8PEWC1N8IWHzTTp3c57KwpS6MmRBQxEJAOBbtXmHI+vxaLcRaX+2LyCKNYsV68eV+b4TNpL2KZJbpk0O6tphUuOFJ4NKBDHNSB88XnbXqF/If7fYStvWMBnGUO2khqLPssVQlr90= divyakamath@Divyas-MacBook-Pro.local\n",
            "resource_controller_url": "https://cloud.ibm.com/vpc-ext/compute/sshKeys",
            "resource_crn": "crn:v1:bluemix:public:is:us-south:a/982f1d06cf2346b189ddd6e9c971d2d4::key:r006-84f63875-8e81-4b9f-8b04-467a24d949ea",
            "resource_group": "e5be39d7229f4acd94eb88d6267851cd",
            "resource_group_name": "instana-test",
            "resource_name": "dk-instana-key",
            "tags": [],
            "type": "rsa"
          },
          "sensitive_attributes": [],
          "private": "bnVsbA==",
          "dependencies": [
            "module.instana_instance.data.ibm_resource_group.group"
          ]
        }
      ]
    },
    {
      "module": "module.instana_instance",
      "mode": "managed",
      "type": "null_resource",
      "name": "instana",
      "provider": "provider[\"registry.terraform.io/hashicorp/null\"]",
      "instances": [
        {
          "schema_version": 0,
          "attributes": {
            "id": "2958627382354612934",
            "triggers": null
          },
          "sensitive_attributes": [],
          "private": "bnVsbA==",
          "dependencies": [
            "module.instana_instance.data.ibm_is_image.ubuntu",
            "module.instana_instance.data.ibm_is_subnet.subnet",
            "module.instana_instance.data.ibm_is_vpc.vpc",
            "module.instana_instance.data.ibm_resource_group.group",
            "module.instana_instance.ibm_is_floating_ip.fip",
            "module.instana_instance.ibm_is_instance.is_instance",
            "module.instana_instance.ibm_is_security_group.security_group",
            "module.instana_instance.ibm_is_ssh_key.ssh-key"
          ]
        }
      ]
    }
  ]
}
